
Microsoft Visual Studio Solution File, Format Version 12.00
# Visual Studio Version 17
VisualStudioVersion = 17.5.33516.290
MinimumVisualStudioVersion = 10.0.40219.1
Project("{FAE04EC0-301F-11D3-BF4B-00C04F79EFBC}") = "WEBHOTEL", "WEBHOTEL\WEBHOTEL.csproj", "{9C743149-4023-4DA3-9EF0-786DE628BC56}"
EndProject
Global
	GlobalSection(SolutionConfigurationPlatforms) = preSolution
		Debug|Any CPU = Debug|Any CPU
		Release|Any CPU = Release|Any CPU
	EndGlobalSection
	GlobalSection(ProjectConfigurationPlatforms) = postSolution
		{9C743149-4023-4DA3-9EF0-786DE628BC56}.Debug|Any CPU.ActiveCfg = Debug|Any CPU
		{9C743149-4023-4DA3-9EF0-786DE628BC56}.Debug|Any CPU.Build.0 = Debug|Any CPU
		{9C743149-4023-4DA3-9EF0-786DE628BC56}.Release|Any CPU.ActiveCfg = Release|Any CPU
		{9C743149-4023-4DA3-9EF0-786DE628BC56}.Release|Any CPU.Build.0 = Release|Any CPU
	EndGlobalSection
	GlobalSection(SolutionProperties) = preSolution
		HideSolutionNode = FALSE
	EndGlobalSection
	GlobalSection(ExtensibilityGlobals) = postSolution
		SolutionGuid = {AA312EF6-2543-47C6-872D-DAADE95136C0}
	EndGlobalSection
EndGlobal
